
Microsoft Visual Studio Solution File, Format Version 12.00
# Visual Studio Version 16
VisualStudioVersion = 16.0.30611.23
MinimumVisualStudioVersion = 10.0.40219.1
Project("{8BC9CEB8-8B4A-11D0-8D11-00A0C91BC942}") = "Übung_1_1", "Übung_1_1\Übung_1_1.vcxproj", "{4B5D289C-58F6-45C9-8BAE-37BF5D4F4F48}"
EndProject
Project("{8BC9CEB8-8B4A-11D0-8D11-00A0C91BC942}") = "Übung_1_2", "Übung_1_2\Übung_1_2.vcxproj", "{A9D3E96E-AB4A-431C-9CEE-5DC1E53D60E8}"
EndProject
Project("{8BC9CEB8-8B4A-11D0-8D11-00A0C91BC942}") = "Übung_2_1", "Übung_2_1\Übung_2_1.vcxproj", "{A0A48F7F-8053-4A04-86A2-241A63C66DD5}"
EndProject
Project("{8BC9CEB8-8B4A-11D0-8D11-00A0C91BC942}") = "Übung_2_2", "Übung_2_2\Übung_2_2.vcxproj", "{5BEB9A44-C6EA-4826-80EE-10EA0144FCDF}"
EndProject
Project("{8BC9CEB8-8B4A-11D0-8D11-00A0C91BC942}") = "Übung_3_1", "Übung_3_1\Übung_3_1.vcxproj", "{B53D65AC-5019-4123-97E4-F3459D61A562}"
EndProject
Project("{8BC9CEB8-8B4A-11D0-8D11-00A0C91BC942}") = "Übung_3_2", "Übung_3_2\Übung_3_2.vcxproj", "{E7434257-A558-4B4F-B60C-F49D2DD0700E}"
EndProject
Project("{8BC9CEB8-8B4A-11D0-8D11-00A0C91BC942}") = "Übung_3_3", "Übung_3_3\Übung_3_3.vcxproj", "{D7AD05D1-F9F7-4B7B-838D-0C734CFE8F63}"
EndProject
Project("{8BC9CEB8-8B4A-11D0-8D11-00A0C91BC942}") = "Übung_4_1", "Übung_4_1\Übung_4_1.vcxproj", "{FB2995D4-B5B8-41D2-A6DA-AF933655B774}"
EndProject
Project("{8BC9CEB8-8B4A-11D0-8D11-00A0C91BC942}") = "Übung_4_2", "Uebung_4_2\Uebung_4_2.vcxproj", "{56EE73CC-42FF-44F1-9802-2EB43F5EC438}"
EndProject
Project("{8BC9CEB8-8B4A-11D0-8D11-00A0C91BC942}") = "Übung_4_3", "Übung 4_3\Übung 4_3.vcxproj", "{D9855C18-C93E-43FC-BABB-0FAC59EB7FBC}"
EndProject
Project("{8BC9CEB8-8B4A-11D0-8D11-00A0C91BC942}") = "Übung_5_1_1", "Übung_5_1\Übung_5_1.vcxproj", "{F078CBEF-2433-4553-9E52-CECDB5716144}"
EndProject
Project("{8BC9CEB8-8B4A-11D0-8D11-00A0C91BC942}") = "Übung_5_1_2", "Übung_5_1_2\Übung_5_1_2.vcxproj", "{046028C1-CC91-4742-8BF6-34C5AFCEC291}"
EndProject
Project("{8BC9CEB8-8B4A-11D0-8D11-00A0C91BC942}") = "Übung_5_1_3", "Übung_5_1_3\Übung_5_1_3.vcxproj", "{A3F6652D-452F-4B0B-8C45-41964EEA293F}"
EndProject
Project("{8BC9CEB8-8B4A-11D0-8D11-00A0C91BC942}") = "Übung_5_1_4", "Übung_5_1_4\Übung_5_1_4.vcxproj", "{DF53B2A7-56A6-4881-BEE1-495748AC8241}"
EndProject
Project("{8BC9CEB8-8B4A-11D0-8D11-00A0C91BC942}") = "Übung_5_2", "Übung_5_2\Übung_5_2.vcxproj", "{FF07E98F-9054-4ACF-A0A6-8F7F81065B73}"
EndProject
Project("{8BC9CEB8-8B4A-11D0-8D11-00A0C91BC942}") = "Übung_5_3", "Übung_5_3\Übung_5_3.vcxproj", "{D8428220-A3E0-4B57-ACED-9EF50AA6A9DE}"
EndProject
Project("{8BC9CEB8-8B4A-11D0-8D11-00A0C91BC942}") = "Übung_6_1", "Übung_6_1\Übung_6_1.vcxproj", "{E1FEC3E6-6D1D-4067-8C1B-2DBFC45BD09D}"
EndProject
Project("{8BC9CEB8-8B4A-11D0-8D11-00A0C91BC942}") = "Übung_6_2", "Übung_6_2\Übung_6_2.vcxproj", "{9407AC56-B251-4871-B20C-A31402D0397F}"
EndProject
Project("{8BC9CEB8-8B4A-11D0-8D11-00A0C91BC942}") = "Übung_7_1", "Übung_7_1\Übung_7_1.vcxproj", "{C213FCC0-4E20-40EA-A697-123CAF657668}"
EndProject
Project("{8BC9CEB8-8B4A-11D0-8D11-00A0C91BC942}") = "Übung_7_2_2", "Übung_7_2\Übung_7_2.vcxproj", "{C930BFE0-CD5E-48C9-B22E-29C2F9C2E7C7}"
EndProject
Project("{8BC9CEB8-8B4A-11D0-8D11-00A0C91BC942}") = "Übung_7_2_1", "..\..\..\OneDrive - stud.hs-kempten.de\Uni\Programmieren\Übungen Programmieren 1\Ubung_7_2_1\Übung_7_2_1.vcxproj", "{8DCDA737-ED7A-4CBA-8040-CE132137F53F}"
EndProject
Project("{8BC9CEB8-8B4A-11D0-8D11-00A0C91BC942}") = "EigenesProjekt", "EigenesProjekt\EigenesProjekt.vcxproj", "{B80BEFC2-4EBF-410B-B4B0-8C8BE2397088}"
EndProject
Global
	GlobalSection(SolutionConfigurationPlatforms) = preSolution
		Debug|x64 = Debug|x64
		Debug|x86 = Debug|x86
		Release|x64 = Release|x64
		Release|x86 = Release|x86
	EndGlobalSection
	GlobalSection(ProjectConfigurationPlatforms) = postSolution
		{4B5D289C-58F6-45C9-8BAE-37BF5D4F4F48}.Debug|x64.ActiveCfg = Debug|x64
		{4B5D289C-58F6-45C9-8BAE-37BF5D4F4F48}.Debug|x64.Build.0 = Debug|x64
		{4B5D289C-58F6-45C9-8BAE-37BF5D4F4F48}.Debug|x86.ActiveCfg = Debug|Win32
		{4B5D289C-58F6-45C9-8BAE-37BF5D4F4F48}.Debug|x86.Build.0 = Debug|Win32
		{4B5D289C-58F6-45C9-8BAE-37BF5D4F4F48}.Release|x64.ActiveCfg = Release|x64
		{4B5D289C-58F6-45C9-8BAE-37BF5D4F4F48}.Release|x64.Build.0 = Release|x64
		{4B5D289C-58F6-45C9-8BAE-37BF5D4F4F48}.Release|x86.ActiveCfg = Release|Win32
		{4B5D289C-58F6-45C9-8BAE-37BF5D4F4F48}.Release|x86.Build.0 = Release|Win32
		{A9D3E96E-AB4A-431C-9CEE-5DC1E53D60E8}.Debug|x64.ActiveCfg = Debug|x64
		{A9D3E96E-AB4A-431C-9CEE-5DC1E53D60E8}.Debug|x64.Build.0 = Debug|x64
		{A9D3E96E-AB4A-431C-9CEE-5DC1E53D60E8}.Debug|x86.ActiveCfg = Debug|Win32
		{A9D3E96E-AB4A-431C-9CEE-5DC1E53D60E8}.Debug|x86.Build.0 = Debug|Win32
		{A9D3E96E-AB4A-431C-9CEE-5DC1E53D60E8}.Release|x64.ActiveCfg = Release|x64
		{A9D3E96E-AB4A-431C-9CEE-5DC1E53D60E8}.Release|x64.Build.0 = Release|x64
		{A9D3E96E-AB4A-431C-9CEE-5DC1E53D60E8}.Release|x86.ActiveCfg = Release|Win32
		{A9D3E96E-AB4A-431C-9CEE-5DC1E53D60E8}.Release|x86.Build.0 = Release|Win32
		{A0A48F7F-8053-4A04-86A2-241A63C66DD5}.Debug|x64.ActiveCfg = Debug|x64
		{A0A48F7F-8053-4A04-86A2-241A63C66DD5}.Debug|x64.Build.0 = Debug|x64
		{A0A48F7F-8053-4A04-86A2-241A63C66DD5}.Debug|x86.ActiveCfg = Debug|Win32
		{A0A48F7F-8053-4A04-86A2-241A63C66DD5}.Debug|x86.Build.0 = Debug|Win32
		{A0A48F7F-8053-4A04-86A2-241A63C66DD5}.Release|x64.ActiveCfg = Release|x64
		{A0A48F7F-8053-4A04-86A2-241A63C66DD5}.Release|x64.Build.0 = Release|x64
		{A0A48F7F-8053-4A04-86A2-241A63C66DD5}.Release|x86.ActiveCfg = Release|Win32
		{A0A48F7F-8053-4A04-86A2-241A63C66DD5}.Release|x86.Build.0 = Release|Win32
		{5BEB9A44-C6EA-4826-80EE-10EA0144FCDF}.Debug|x64.ActiveCfg = Debug|x64
		{5BEB9A44-C6EA-4826-80EE-10EA0144FCDF}.Debug|x64.Build.0 = Debug|x64
		{5BEB9A44-C6EA-4826-80EE-10EA0144FCDF}.Debug|x86.ActiveCfg = Debug|Win32
		{5BEB9A44-C6EA-4826-80EE-10EA0144FCDF}.Debug|x86.Build.0 = Debug|Win32
		{5BEB9A44-C6EA-4826-80EE-10EA0144FCDF}.Release|x64.ActiveCfg = Release|x64
		{5BEB9A44-C6EA-4826-80EE-10EA0144FCDF}.Release|x64.Build.0 = Release|x64
		{5BEB9A44-C6EA-4826-80EE-10EA0144FCDF}.Release|x86.ActiveCfg = Release|Win32
		{5BEB9A44-C6EA-4826-80EE-10EA0144FCDF}.Release|x86.Build.0 = Release|Win32
		{B53D65AC-5019-4123-97E4-F3459D61A562}.Debug|x64.ActiveCfg = Debug|x64
		{B53D65AC-5019-4123-97E4-F3459D61A562}.Debug|x64.Build.0 = Debug|x64
		{B53D65AC-5019-4123-97E4-F3459D61A562}.Debug|x86.ActiveCfg = Debug|Win32
		{B53D65AC-5019-4123-97E4-F3459D61A562}.Debug|x86.Build.0 = Debug|Win32
		{B53D65AC-5019-4123-97E4-F3459D61A562}.Release|x64.ActiveCfg = Release|x64
		{B53D65AC-5019-4123-97E4-F3459D61A562}.Release|x64.Build.0 = Release|x64
		{B53D65AC-5019-4123-97E4-F3459D61A562}.Release|x86.ActiveCfg = Release|Win32
		{B53D65AC-5019-4123-97E4-F3459D61A562}.Release|x86.Build.0 = Release|Win32
		{E7434257-A558-4B4F-B60C-F49D2DD0700E}.Debug|x64.ActiveCfg = Debug|x64
		{E7434257-A558-4B4F-B60C-F49D2DD0700E}.Debug|x64.Build.0 = Debug|x64
		{E7434257-A558-4B4F-B60C-F49D2DD0700E}.Debug|x86.ActiveCfg = Debug|Win32
		{E7434257-A558-4B4F-B60C-F49D2DD0700E}.Debug|x86.Build.0 = Debug|Win32
		{E7434257-A558-4B4F-B60C-F49D2DD0700E}.Release|x64.ActiveCfg = Release|x64
		{E7434257-A558-4B4F-B60C-F49D2DD0700E}.Release|x64.Build.0 = Release|x64
		{E7434257-A558-4B4F-B60C-F49D2DD0700E}.Release|x86.ActiveCfg = Release|Win32
		{E7434257-A558-4B4F-B60C-F49D2DD0700E}.Release|x86.Build.0 = Release|Win32
		{D7AD05D1-F9F7-4B7B-838D-0C734CFE8F63}.Debug|x64.ActiveCfg = Debug|x64
		{D7AD05D1-F9F7-4B7B-838D-0C734CFE8F63}.Debug|x64.Build.0 = Debug|x64
		{D7AD05D1-F9F7-4B7B-838D-0C734CFE8F63}.Debug|x86.ActiveCfg = Debug|Win32
		{D7AD05D1-F9F7-4B7B-838D-0C734CFE8F63}.Debug|x86.Build.0 = Debug|Win32
		{D7AD05D1-F9F7-4B7B-838D-0C734CFE8F63}.Release|x64.ActiveCfg = Release|x64
		{D7AD05D1-F9F7-4B7B-838D-0C734CFE8F63}.Release|x64.Build.0 = Release|x64
		{D7AD05D1-F9F7-4B7B-838D-0C734CFE8F63}.Release|x86.ActiveCfg = Release|Win32
		{D7AD05D1-F9F7-4B7B-838D-0C734CFE8F63}.Release|x86.Build.0 = Release|Win32
		{FB2995D4-B5B8-41D2-A6DA-AF933655B774}.Debug|x64.ActiveCfg = Debug|x64
		{FB2995D4-B5B8-41D2-A6DA-AF933655B774}.Debug|x64.Build.0 = Debug|x64
		{FB2995D4-B5B8-41D2-A6DA-AF933655B774}.Debug|x86.ActiveCfg = Debug|Win32
		{FB2995D4-B5B8-41D2-A6DA-AF933655B774}.Debug|x86.Build.0 = Debug|Win32
		{FB2995D4-B5B8-41D2-A6DA-AF933655B774}.Release|x64.ActiveCfg = Release|x64
		{FB2995D4-B5B8-41D2-A6DA-AF933655B774}.Release|x64.Build.0 = Release|x64
		{FB2995D4-B5B8-41D2-A6DA-AF933655B774}.Release|x86.ActiveCfg = Release|Win32
		{FB2995D4-B5B8-41D2-A6DA-AF933655B774}.Release|x86.Build.0 = Release|Win32
		{56EE73CC-42FF-44F1-9802-2EB43F5EC438}.Debug|x64.ActiveCfg = Debug|x64
		{56EE73CC-42FF-44F1-9802-2EB43F5EC438}.Debug|x64.Build.0 = Debug|x64
		{56EE73CC-42FF-44F1-9802-2EB43F5EC438}.Debug|x86.ActiveCfg = Debug|Win32
		{56EE73CC-42FF-44F1-9802-2EB43F5EC438}.Debug|x86.Build.0 = Debug|Win32
		{56EE73CC-42FF-44F1-9802-2EB43F5EC438}.Release|x64.ActiveCfg = Release|x64
		{56EE73CC-42FF-44F1-9802-2EB43F5EC438}.Release|x64.Build.0 = Release|x64
		{56EE73CC-42FF-44F1-9802-2EB43F5EC438}.Release|x86.ActiveCfg = Release|Win32
		{56EE73CC-42FF-44F1-9802-2EB43F5EC438}.Release|x86.Build.0 = Release|Win32
		{D9855C18-C93E-43FC-BABB-0FAC59EB7FBC}.Debug|x64.ActiveCfg = Debug|x64
		{D9855C18-C93E-43FC-BABB-0FAC59EB7FBC}.Debug|x64.Build.0 = Debug|x64
		{D9855C18-C93E-43FC-BABB-0FAC59EB7FBC}.Debug|x86.ActiveCfg = Debug|Win32
		{D9855C18-C93E-43FC-BABB-0FAC59EB7FBC}.Debug|x86.Build.0 = Debug|Win32
		{D9855C18-C93E-43FC-BABB-0FAC59EB7FBC}.Release|x64.ActiveCfg = Release|x64
		{D9855C18-C93E-43FC-BABB-0FAC59EB7FBC}.Release|x64.Build.0 = Release|x64
		{D9855C18-C93E-43FC-BABB-0FAC59EB7FBC}.Release|x86.ActiveCfg = Release|Win32
		{D9855C18-C93E-43FC-BABB-0FAC59EB7FBC}.Release|x86.Build.0 = Release|Win32
		{F078CBEF-2433-4553-9E52-CECDB5716144}.Debug|x64.ActiveCfg = Debug|x64
		{F078CBEF-2433-4553-9E52-CECDB5716144}.Debug|x64.Build.0 = Debug|x64
		{F078CBEF-2433-4553-9E52-CECDB5716144}.Debug|x86.ActiveCfg = Debug|Win32
		{F078CBEF-2433-4553-9E52-CECDB5716144}.Debug|x86.Build.0 = Debug|Win32
		{F078CBEF-2433-4553-9E52-CECDB5716144}.Release|x64.ActiveCfg = Release|x64
		{F078CBEF-2433-4553-9E52-CECDB5716144}.Release|x64.Build.0 = Release|x64
		{F078CBEF-2433-4553-9E52-CECDB5716144}.Release|x86.ActiveCfg = Release|Win32
		{F078CBEF-2433-4553-9E52-CECDB5716144}.Release|x86.Build.0 = Release|Win32
		{046028C1-CC91-4742-8BF6-34C5AFCEC291}.Debug|x64.ActiveCfg = Debug|x64
		{046028C1-CC91-4742-8BF6-34C5AFCEC291}.Debug|x64.Build.0 = Debug|x64
		{046028C1-CC91-4742-8BF6-34C5AFCEC291}.Debug|x86.ActiveCfg = Debug|Win32
		{046028C1-CC91-4742-8BF6-34C5AFCEC291}.Debug|x86.Build.0 = Debug|Win32
		{046028C1-CC91-4742-8BF6-34C5AFCEC291}.Release|x64.ActiveCfg = Release|x64
		{046028C1-CC91-4742-8BF6-34C5AFCEC291}.Release|x64.Build.0 = Release|x64
		{046028C1-CC91-4742-8BF6-34C5AFCEC291}.Release|x86.ActiveCfg = Release|Win32
		{046028C1-CC91-4742-8BF6-34C5AFCEC291}.Release|x86.Build.0 = Release|Win32
		{A3F6652D-452F-4B0B-8C45-41964EEA293F}.Debug|x64.ActiveCfg = Debug|x64
		{A3F6652D-452F-4B0B-8C45-41964EEA293F}.Debug|x64.Build.0 = Debug|x64
		{A3F6652D-452F-4B0B-8C45-41964EEA293F}.Debug|x86.ActiveCfg = Debug|Win32
		{A3F6652D-452F-4B0B-8C45-41964EEA293F}.Debug|x86.Build.0 = Debug|Win32
		{A3F6652D-452F-4B0B-8C45-41964EEA293F}.Release|x64.ActiveCfg = Release|x64
		{A3F6652D-452F-4B0B-8C45-41964EEA293F}.Release|x64.Build.0 = Release|x64
		{A3F6652D-452F-4B0B-8C45-41964EEA293F}.Release|x86.ActiveCfg = Release|Win32
		{A3F6652D-452F-4B0B-8C45-41964EEA293F}.Release|x86.Build.0 = Release|Win32
		{DF53B2A7-56A6-4881-BEE1-495748AC8241}.Debug|x64.ActiveCfg = Debug|x64
		{DF53B2A7-56A6-4881-BEE1-495748AC8241}.Debug|x64.Build.0 = Debug|x64
		{DF53B2A7-56A6-4881-BEE1-495748AC8241}.Debug|x86.ActiveCfg = Debug|Win32
		{DF53B2A7-56A6-4881-BEE1-495748AC8241}.Debug|x86.Build.0 = Debug|Win32
		{DF53B2A7-56A6-4881-BEE1-495748AC8241}.Release|x64.ActiveCfg = Release|x64
		{DF53B2A7-56A6-4881-BEE1-495748AC8241}.Release|x64.Build.0 = Release|x64
		{DF53B2A7-56A6-4881-BEE1-495748AC8241}.Release|x86.ActiveCfg = Release|Win32
		{DF53B2A7-56A6-4881-BEE1-495748AC8241}.Release|x86.Build.0 = Release|Win32
		{FF07E98F-9054-4ACF-A0A6-8F7F81065B73}.Debug|x64.ActiveCfg = Debug|x64
		{FF07E98F-9054-4ACF-A0A6-8F7F81065B73}.Debug|x64.Build.0 = Debug|x64
		{FF07E98F-9054-4ACF-A0A6-8F7F81065B73}.Debug|x86.ActiveCfg = Debug|Win32
		{FF07E98F-9054-4ACF-A0A6-8F7F81065B73}.Debug|x86.Build.0 = Debug|Win32
		{FF07E98F-9054-4ACF-A0A6-8F7F81065B73}.Release|x64.ActiveCfg = Release|x64
		{FF07E98F-9054-4ACF-A0A6-8F7F81065B73}.Release|x64.Build.0 = Release|x64
		{FF07E98F-9054-4ACF-A0A6-8F7F81065B73}.Release|x86.ActiveCfg = Release|Win32
		{FF07E98F-9054-4ACF-A0A6-8F7F81065B73}.Release|x86.Build.0 = Release|Win32
		{D8428220-A3E0-4B57-ACED-9EF50AA6A9DE}.Debug|x64.ActiveCfg = Debug|x64
		{D8428220-A3E0-4B57-ACED-9EF50AA6A9DE}.Debug|x64.Build.0 = Debug|x64
		{D8428220-A3E0-4B57-ACED-9EF50AA6A9DE}.Debug|x86.ActiveCfg = Debug|Win32
		{D8428220-A3E0-4B57-ACED-9EF50AA6A9DE}.Debug|x86.Build.0 = Debug|Win32
		{D8428220-A3E0-4B57-ACED-9EF50AA6A9DE}.Release|x64.ActiveCfg = Release|x64
		{D8428220-A3E0-4B57-ACED-9EF50AA6A9DE}.Release|x64.Build.0 = Release|x64
		{D8428220-A3E0-4B57-ACED-9EF50AA6A9DE}.Release|x86.ActiveCfg = Release|Win32
		{D8428220-A3E0-4B57-ACED-9EF50AA6A9DE}.Release|x86.Build.0 = Release|Win32
		{E1FEC3E6-6D1D-4067-8C1B-2DBFC45BD09D}.Debug|x64.ActiveCfg = Debug|x64
		{E1FEC3E6-6D1D-4067-8C1B-2DBFC45BD09D}.Debug|x64.Build.0 = Debug|x64
		{E1FEC3E6-6D1D-4067-8C1B-2DBFC45BD09D}.Debug|x86.ActiveCfg = Debug|Win32
		{E1FEC3E6-6D1D-4067-8C1B-2DBFC45BD09D}.Debug|x86.Build.0 = Debug|Win32
		{E1FEC3E6-6D1D-4067-8C1B-2DBFC45BD09D}.Release|x64.ActiveCfg = Release|x64
		{E1FEC3E6-6D1D-4067-8C1B-2DBFC45BD09D}.Release|x64.Build.0 = Release|x64
		{E1FEC3E6-6D1D-4067-8C1B-2DBFC45BD09D}.Release|x86.ActiveCfg = Release|Win32
		{E1FEC3E6-6D1D-4067-8C1B-2DBFC45BD09D}.Release|x86.Build.0 = Release|Win32
		{9407AC56-B251-4871-B20C-A31402D0397F}.Debug|x64.ActiveCfg = Debug|x64
		{9407AC56-B251-4871-B20C-A31402D0397F}.Debug|x64.Build.0 = Debug|x64
		{9407AC56-B251-4871-B20C-A31402D0397F}.Debug|x86.ActiveCfg = Debug|Win32
		{9407AC56-B251-4871-B20C-A31402D0397F}.Debug|x86.Build.0 = Debug|Win32
		{9407AC56-B251-4871-B20C-A31402D0397F}.Release|x64.ActiveCfg = Release|x64
		{9407AC56-B251-4871-B20C-A31402D0397F}.Release|x64.Build.0 = Release|x64
		{9407AC56-B251-4871-B20C-A31402D0397F}.Release|x86.ActiveCfg = Release|Win32
		{9407AC56-B251-4871-B20C-A31402D0397F}.Release|x86.Build.0 = Release|Win32
		{C213FCC0-4E20-40EA-A697-123CAF657668}.Debug|x64.ActiveCfg = Debug|x64
		{C213FCC0-4E20-40EA-A697-123CAF657668}.Debug|x64.Build.0 = Debug|x64
		{C213FCC0-4E20-40EA-A697-123CAF657668}.Debug|x86.ActiveCfg = Debug|Win32
		{C213FCC0-4E20-40EA-A697-123CAF657668}.Debug|x86.Build.0 = Debug|Win32
		{C213FCC0-4E20-40EA-A697-123CAF657668}.Release|x64.ActiveCfg = Release|x64
		{C213FCC0-4E20-40EA-A697-123CAF657668}.Release|x64.Build.0 = Release|x64
		{C213FCC0-4E20-40EA-A697-123CAF657668}.Release|x86.ActiveCfg = Release|Win32
		{C213FCC0-4E20-40EA-A697-123CAF657668}.Release|x86.Build.0 = Release|Win32
		{C930BFE0-CD5E-48C9-B22E-29C2F9C2E7C7}.Debug|x64.ActiveCfg = Debug|x64
		{C930BFE0-CD5E-48C9-B22E-29C2F9C2E7C7}.Debug|x64.Build.0 = Debug|x64
		{C930BFE0-CD5E-48C9-B22E-29C2F9C2E7C7}.Debug|x86.ActiveCfg = Debug|Win32
		{C930BFE0-CD5E-48C9-B22E-29C2F9C2E7C7}.Debug|x86.Build.0 = Debug|Win32
		{C930BFE0-CD5E-48C9-B22E-29C2F9C2E7C7}.Release|x64.ActiveCfg = Release|x64
		{C930BFE0-CD5E-48C9-B22E-29C2F9C2E7C7}.Release|x64.Build.0 = Release|x64
		{C930BFE0-CD5E-48C9-B22E-29C2F9C2E7C7}.Release|x86.ActiveCfg = Release|Win32
		{C930BFE0-CD5E-48C9-B22E-29C2F9C2E7C7}.Release|x86.Build.0 = Release|Win32
		{8DCDA737-ED7A-4CBA-8040-CE132137F53F}.Debug|x64.ActiveCfg = Debug|x64
		{8DCDA737-ED7A-4CBA-8040-CE132137F53F}.Debug|x64.Build.0 = Debug|x64
		{8DCDA737-ED7A-4CBA-8040-CE132137F53F}.Debug|x86.ActiveCfg = Debug|Win32
		{8DCDA737-ED7A-4CBA-8040-CE132137F53F}.Debug|x86.Build.0 = Debug|Win32
		{8DCDA737-ED7A-4CBA-8040-CE132137F53F}.Release|x64.ActiveCfg = Release|x64
		{8DCDA737-ED7A-4CBA-8040-CE132137F53F}.Release|x64.Build.0 = Release|x64
		{8DCDA737-ED7A-4CBA-8040-CE132137F53F}.Release|x86.ActiveCfg = Release|Win32
		{8DCDA737-ED7A-4CBA-8040-CE132137F53F}.Release|x86.Build.0 = Release|Win32
		{B80BEFC2-4EBF-410B-B4B0-8C8BE2397088}.Debug|x64.ActiveCfg = Debug|x64
		{B80BEFC2-4EBF-410B-B4B0-8C8BE2397088}.Debug|x64.Build.0 = Debug|x64
		{B80BEFC2-4EBF-410B-B4B0-8C8BE2397088}.Debug|x86.ActiveCfg = Debug|Win32
		{B80BEFC2-4EBF-410B-B4B0-8C8BE2397088}.Debug|x86.Build.0 = Debug|Win32
		{B80BEFC2-4EBF-410B-B4B0-8C8BE2397088}.Release|x64.ActiveCfg = Release|x64
		{B80BEFC2-4EBF-410B-B4B0-8C8BE2397088}.Release|x64.Build.0 = Release|x64
		{B80BEFC2-4EBF-410B-B4B0-8C8BE2397088}.Release|x86.ActiveCfg = Release|Win32
		{B80BEFC2-4EBF-410B-B4B0-8C8BE2397088}.Release|x86.Build.0 = Release|Win32
	EndGlobalSection
	GlobalSection(SolutionProperties) = preSolution
		HideSolutionNode = FALSE
	EndGlobalSection
	GlobalSection(ExtensibilityGlobals) = postSolution
		SolutionGuid = {9946BC78-DE88-46F0-97B7-39FDBBFAC047}
	EndGlobalSection
EndGlobal
